
Microsoft Visual Studio Solution File, Format Version 12.00
# Visual Studio Version 16
VisualStudioVersion = 16.0.30011.22
MinimumVisualStudioVersion = 10.0.40219.1
Project("{F184B08F-C81C-45F6-A57F-5ABD9991F28F}") = "CALZADOS_COR", "CALZADOS_COR.vbproj", "{156ABC9C-FAA1-46D9-B848-C0D45D471F05}"
EndProject
Global
	GlobalSection(SolutionConfigurationPlatforms) = preSolution
		Debug|Any CPU = Debug|Any CPU
		Release|Any CPU = Release|Any CPU
	EndGlobalSection
	GlobalSection(ProjectConfigurationPlatforms) = postSolution
		{156ABC9C-FAA1-46D9-B848-C0D45D471F05}.Debug|Any CPU.ActiveCfg = Debug|Any CPU
		{156ABC9C-FAA1-46D9-B848-C0D45D471F05}.Debug|Any CPU.Build.0 = Debug|Any CPU
		{156ABC9C-FAA1-46D9-B848-C0D45D471F05}.Release|Any CPU.ActiveCfg = Release|Any CPU
		{156ABC9C-FAA1-46D9-B848-C0D45D471F05}.Release|Any CPU.Build.0 = Release|Any CPU
	EndGlobalSection
	GlobalSection(SolutionProperties) = preSolution
		HideSolutionNode = FALSE
	EndGlobalSection
	GlobalSection(ExtensibilityGlobals) = postSolution
		SolutionGuid = {BEDFF65B-444A-4973-9D03-B1B94FF15A0F}
	EndGlobalSection
EndGlobal
