
Microsoft Visual Studio Solution File, Format Version 12.00
# Visual Studio Version 16
VisualStudioVersion = 16.0.31129.286
MinimumVisualStudioVersion = 10.0.40219.1
Project("{F184B08F-C81C-45F6-A57F-5ABD9991F28F}") = "Clase con dos procedimientos públicos", "Clase con dos procedimientos públicos\Clase con dos procedimientos públicos.vbproj", "{11F6F9D8-8990-46E1-8273-0ADFF851EE75}"
EndProject
Global
	GlobalSection(SolutionConfigurationPlatforms) = preSolution
		Debug|Any CPU = Debug|Any CPU
		Release|Any CPU = Release|Any CPU
	EndGlobalSection
	GlobalSection(ProjectConfigurationPlatforms) = postSolution
		{11F6F9D8-8990-46E1-8273-0ADFF851EE75}.Debug|Any CPU.ActiveCfg = Debug|Any CPU
		{11F6F9D8-8990-46E1-8273-0ADFF851EE75}.Debug|Any CPU.Build.0 = Debug|Any CPU
		{11F6F9D8-8990-46E1-8273-0ADFF851EE75}.Release|Any CPU.ActiveCfg = Release|Any CPU
		{11F6F9D8-8990-46E1-8273-0ADFF851EE75}.Release|Any CPU.Build.0 = Release|Any CPU
	EndGlobalSection
	GlobalSection(SolutionProperties) = preSolution
		HideSolutionNode = FALSE
	EndGlobalSection
	GlobalSection(ExtensibilityGlobals) = postSolution
		SolutionGuid = {EC664E95-E305-4D7B-8E99-28F6D94CC094}
	EndGlobalSection
EndGlobal
