
Microsoft Visual Studio Solution File, Format Version 12.00
# Visual Studio Version 16
VisualStudioVersion = 16.0.31129.286
MinimumVisualStudioVersion = 10.0.40219.1
Project("{F184B08F-C81C-45F6-A57F-5ABD9991F28F}") = "Estructura de datos", "Estructura de datos\Estructura de datos.vbproj", "{EFD8EB34-B884-4175-8993-0575224E5E33}"
EndProject
Global
	GlobalSection(SolutionConfigurationPlatforms) = preSolution
		Debug|Any CPU = Debug|Any CPU
		Release|Any CPU = Release|Any CPU
	EndGlobalSection
	GlobalSection(ProjectConfigurationPlatforms) = postSolution
		{EFD8EB34-B884-4175-8993-0575224E5E33}.Debug|Any CPU.ActiveCfg = Debug|Any CPU
		{EFD8EB34-B884-4175-8993-0575224E5E33}.Debug|Any CPU.Build.0 = Debug|Any CPU
		{EFD8EB34-B884-4175-8993-0575224E5E33}.Release|Any CPU.ActiveCfg = Release|Any CPU
		{EFD8EB34-B884-4175-8993-0575224E5E33}.Release|Any CPU.Build.0 = Release|Any CPU
	EndGlobalSection
	GlobalSection(SolutionProperties) = preSolution
		HideSolutionNode = FALSE
	EndGlobalSection
	GlobalSection(ExtensibilityGlobals) = postSolution
		SolutionGuid = {33F6ABE1-4DFA-4190-97FF-2A5ABFBA1434}
	EndGlobalSection
EndGlobal
